<?xml version="1.0" encoding="utf-8"?>
<Project ToolsVersion="4.0" xmlns="http://schemas.microsoft.com/developer/msbuild/2003">
  <ItemGroup>
    <ClCompile Include="main.cpp" />
    <ClCompile Include="Utilities\TinyXml\tinyxml2.cpp">
      <Filter>Utilities</Filter>
    </ClCompile>
    <ClCompile Include="testreadspell_main.cpp" />
    <ClCompile Include="Engine\ArcantEngine.cpp" />
    <ClCompile Include="Engine\Camera.cpp" />
    <ClCompile Include="Engine\GameObject.cpp" />
    <ClCompile Include="Engine\GameStateController.cpp" />
    <ClCompile Include="Engine\Input.cpp" />
    <ClCompile Include="Engine\SceneManager.cpp" />
    <ClCompile Include="Engine\UI.cpp" />
    <ClCompile Include="Engine\Window.cpp" />
    <ClCompile Include="Engine\stb\stb_image.cpp" />
    <ClCompile Include="Engine\Scene\MenuScene.cpp" />
    <ClCompile Include="Engine\Scene\NodeScene.cpp" />
    <ClCompile Include="Engine\Renderer\EBO.cpp" />
    <ClCompile Include="Engine\Renderer\Mesh.cpp" />
    <ClCompile Include="Engine\Renderer\Shader.cpp" />
    <ClCompile Include="Engine\Renderer\ShaderCollector.cpp" />
    <ClCompile Include="Engine\Renderer\Texture.cpp" />
    <ClCompile Include="Engine\Renderer\VAO.cpp" />
    <ClCompile Include="Engine\Renderer\VBO.cpp" />
    <ClCompile Include="..\lib\GLAD\src\glad.c" />
  </ItemGroup>
  <ItemGroup>
    <ClInclude Include="SOIL.h" />
    <ClInclude Include="Utilities\TinyXml\tinyxml2.h">
      <Filter>Utilities</Filter>
    </ClInclude>
    <ClInclude Include="Engine\ArcantEngine.h" />
    <ClInclude Include="Engine\Camera.h" />
    <ClInclude Include="Engine\GameObject.h" />
    <ClInclude Include="Engine\GameScene.h" />
    <ClInclude Include="Engine\GameState.h" />
    <ClInclude Include="Engine\GameStateController.h" />
    <ClInclude Include="Engine\Input.h" />
    <ClInclude Include="Engine\SceneManager.h" />
    <ClInclude Include="Engine\UI.h" />
    <ClInclude Include="Engine\Window.h" />
    <ClInclude Include="Engine\stb\stb_image.h" />
    <ClInclude Include="Engine\Scene\MenuScene.h" />
    <ClInclude Include="Engine\Scene\NodeScene.h" />
    <ClInclude Include="Engine\Renderer\EBO.h" />
    <ClInclude Include="Engine\Renderer\Mesh.h" />
    <ClInclude Include="Engine\Renderer\Shader.h" />
    <ClInclude Include="Engine\Renderer\ShaderCollector.h" />
    <ClInclude Include="Engine\Renderer\Texture.h" />
    <ClInclude Include="Engine\Renderer\VAO.h" />
    <ClInclude Include="Engine\Renderer\VBO.h" />
  </ItemGroup>
  <ItemGroup>
    <Filter Include="GameObj">
      <UniqueIdentifier>{a073f415-8660-40cc-b010-5c8bf343af63}</UniqueIdentifier>
    </Filter>
    <Filter Include="GameObj\Standard">
      <UniqueIdentifier>{a5be362c-9d82-4388-9c07-13000511d984}</UniqueIdentifier>
    </Filter>
    <Filter Include="GameObj\Advance">
      <UniqueIdentifier>{efca7458-0563-4925-a2b2-6ac645c2ac25}</UniqueIdentifier>
    </Filter>
    <Filter Include="GameObj\Implement">
      <UniqueIdentifier>{6598b669-363b-4e7e-9d1f-8665010942c8}</UniqueIdentifier>
    </Filter>
    <Filter Include="Map">
      <UniqueIdentifier>{894c6ecf-c4ee-47d2-adaf-cf939f0982e7}</UniqueIdentifier>
    </Filter>
    <Filter Include="Utilities">
      <UniqueIdentifier>{a8056faa-f0ea-4fa9-a603-9463f701e782}</UniqueIdentifier>
    </Filter>
  </ItemGroup>
  <ItemGroup>
    <Image Include="Engine\Texture\awesomeface.png" />
    <Image Include="Engine\Texture\default.png" />
  </ItemGroup>
  <ItemGroup>
    <None Include="WorkingDir\Shader\GameObjVertex.shader" />
    <None Include="WorkingDir\Shader\GameObjFragment.shader" />
  </ItemGroup>
</Project>