<?xml version="1.0" encoding="utf-8"?>
<Project ToolsVersion="4.0" xmlns="http://schemas.microsoft.com/developer/msbuild/2003">
  <ItemGroup>
    <ClCompile Include="main.cpp" />
    <ClCompile Include="Engine\Collector\ShaderCollector.cpp">
      <Filter>Engine\Collector\Source File</Filter>
    </ClCompile>
    <ClCompile Include="Engine\Collector\TextureCollector.cpp">
      <Filter>Engine\Collector\Source File</Filter>
    </ClCompile>
    <ClCompile Include="Engine\Collector\FontCollector.cpp">
      <Filter>Engine\Collector\Source File</Filter>
    </ClCompile>
    <ClCompile Include="Engine\Renderer\EBO.cpp">
      <Filter>Engine\Renderer\Source File</Filter>
    </ClCompile>
    <ClCompile Include="Engine\Renderer\Mesh.cpp">
      <Filter>Engine\Renderer\Source File</Filter>
    </ClCompile>
    <ClCompile Include="Engine\Renderer\Shader.cpp">
      <Filter>Engine\Renderer\Source File</Filter>
    </ClCompile>
    <ClCompile Include="Engine\Renderer\TextObject.cpp">
      <Filter>Engine\Renderer\Source File</Filter>
    </ClCompile>
    <ClCompile Include="Engine\Renderer\Texture.cpp">
      <Filter>Engine\Renderer\Source File</Filter>
    </ClCompile>
    <ClCompile Include="Engine\Renderer\VAO.cpp">
      <Filter>Engine\Renderer\Source File</Filter>
    </ClCompile>
    <ClCompile Include="Engine\Renderer\VBO.cpp">
      <Filter>Engine\Renderer\Source File</Filter>
    </ClCompile>
    <ClCompile Include="Engine\Scene\MenuScene.cpp">
      <Filter>Engine\Scene\Source File</Filter>
    </ClCompile>
    <ClCompile Include="Engine\Scene\NodeScene.cpp">
      <Filter>Engine\Scene\Source File</Filter>
    </ClCompile>
    <ClCompile Include="Engine\ArcantEngine.cpp">
      <Filter>Engine\etc\Source File</Filter>
    </ClCompile>
    <ClCompile Include="Engine\Button.cpp">
      <Filter>Engine\etc\Source File</Filter>
    </ClCompile>
    <ClCompile Include="Engine\Camera.cpp">
      <Filter>Engine\etc\Source File</Filter>
    </ClCompile>
    <ClCompile Include="Engine\GameObject.cpp">
      <Filter>Engine\etc\Source File</Filter>
    </ClCompile>
    <ClCompile Include="Engine\GameScene.cpp">
      <Filter>Engine\etc\Source File</Filter>
    </ClCompile>
    <ClCompile Include="..\lib\GLAD\src\glad.c">
      <Filter>Engine\etc\Source File</Filter>
    </ClCompile>
    <ClCompile Include="Engine\Input.cpp">
      <Filter>Engine\etc\Source File</Filter>
    </ClCompile>
    <ClCompile Include="Engine\ParticleSystem.cpp">
      <Filter>Engine\etc\Source File</Filter>
    </ClCompile>
    <ClCompile Include="Engine\SceneManager.cpp">
      <Filter>Engine\etc\Source File</Filter>
    </ClCompile>
    <ClCompile Include="Engine\UIObject.cpp">
      <Filter>Engine\etc\Source File</Filter>
    </ClCompile>
    <ClCompile Include="Engine\Window.cpp">
      <Filter>Engine\etc\Source File</Filter>
    </ClCompile>
    <ClCompile Include="Engine\stb\stb_image.cpp">
      <Filter>Engine\stb</Filter>
    </ClCompile>
    <ClCompile Include="Engine\Collector\EngineDataCollector.cpp">
      <Filter>Engine\Collector\Source File</Filter>
    </ClCompile>
    <ClCompile Include="Engine\GameStateController.cpp">
      <Filter>Engine\etc\Source File</Filter>
    </ClCompile>
    <ClCompile Include="Game\Spells\Spell.cpp">
      <Filter>Game\Spells\Source File</Filter>
    </ClCompile>
    <ClCompile Include="Game\Spells\SpellBook.cpp">
      <Filter>Game\Spells\Source File</Filter>
    </ClCompile>
    <ClCompile Include="Game\Spells\SpellDatabase.cpp">
      <Filter>Game\Spells\Source File</Filter>
    </ClCompile>
    <ClCompile Include="Utilities\TinyXml\tinyxml2.cpp">
      <Filter>Utilities\TinyXml</Filter>
    </ClCompile>
    <ClCompile Include="Game\Spells\Element.cpp" />
    <ClCompile Include="Game\BattleScene\BattleManager.cpp">
      <Filter>Game\BattleScene</Filter>
    </ClCompile>
    <ClCompile Include="Game\BattleScene\BattleScene.cpp">
      <Filter>Game\BattleScene</Filter>
    </ClCompile>
    <ClCompile Include="Game\BattleScene\SpellCaster\CastSpellDetail.cpp">
      <Filter>Game\BattleScene\SpellCaster</Filter>
    </ClCompile>
    <ClCompile Include="Game\BattleScene\SpellCaster\SpellCaster.cpp">
      <Filter>Game\BattleScene\SpellCaster</Filter>
    </ClCompile>
    <ClCompile Include="Game\Spells\Element.cpp">
      <Filter>Game\Spells\Source File</Filter>
    </ClCompile>
    <ClCompile Include="Game\BattleScene\SpellCaster\CasterController.cpp" />
    <ClCompile Include="Game\BattleScene\SpellTimeline\SpellTimetrack.cpp" />
    <ClCompile Include="Game\BattleScene\BattleStates\SetupBattleState.cpp">
      <Filter>Game\BattleScene\BattleState</Filter>
    </ClCompile>
    <ClCompile Include="Engine\AudioGroup.cpp">
      <Filter>Engine\etc\Source File</Filter>
    </ClCompile>
    <ClCompile Include="Engine\SoundSystem.cpp">
      <Filter>Engine\etc\Source File</Filter>
    </ClCompile>
    <ClCompile Include="Engine\Slider.cpp">
      <Filter>Engine\etc\Source File</Filter>
    </ClCompile>
    <ClCompile Include="Game\BattleScene\GameObject\CasterUIController.cpp">
      <Filter>Game\BattleScene\Objects</Filter>
    </ClCompile>
    <ClCompile Include="Game\BattleScene\GameObject\PentagramController.cpp">
      <Filter>Game\BattleScene\Objects</Filter>
    </ClCompile>
    <ClCompile Include="Game\BattleScene\BattleStates\CastBattleState.cpp">
      <Filter>Game\BattleScene\BattleState</Filter>
    </ClCompile>
    <ClCompile Include="Game\BattleScene\BattleStates\ResolveBattleState.cpp">
      <Filter>Game\BattleScene\BattleState</Filter>
    </ClCompile>
  </ItemGroup>
  <ItemGroup>
    <ClInclude Include="SOIL.h" />
    <ClInclude Include="Engine\Collector\EngineDataCollector.h">
      <Filter>Engine\Collector\Header File</Filter>
    </ClInclude>
    <ClInclude Include="Engine\Collector\ShaderCollector.h">
      <Filter>Engine\Collector\Header File</Filter>
    </ClInclude>
    <ClInclude Include="Engine\Collector\TextureCollector.h">
      <Filter>Engine\Collector\Header File</Filter>
    </ClInclude>
    <ClInclude Include="Engine\Collector\FontCollector.h">
      <Filter>Engine\Collector\Header File</Filter>
    </ClInclude>
    <ClInclude Include="Engine\Renderer\EBO.h">
      <Filter>Engine\Renderer\Header File</Filter>
    </ClInclude>
    <ClInclude Include="Engine\Renderer\Mesh.h">
      <Filter>Engine\Renderer\Header File</Filter>
    </ClInclude>
    <ClInclude Include="Engine\Renderer\Shader.h">
      <Filter>Engine\Renderer\Header File</Filter>
    </ClInclude>
    <ClInclude Include="Engine\Renderer\TextObject.h">
      <Filter>Engine\Renderer\Header File</Filter>
    </ClInclude>
    <ClInclude Include="Engine\Renderer\Texture.h">
      <Filter>Engine\Renderer\Header File</Filter>
    </ClInclude>
    <ClInclude Include="Engine\Renderer\VAO.h">
      <Filter>Engine\Renderer\Header File</Filter>
    </ClInclude>
    <ClInclude Include="Engine\Renderer\VBO.h">
      <Filter>Engine\Renderer\Header File</Filter>
    </ClInclude>
    <ClInclude Include="Engine\Scene\MenuScene.h">
      <Filter>Engine\Scene\Header File</Filter>
    </ClInclude>
    <ClInclude Include="Engine\Scene\NodeScene.h">
      <Filter>Engine\Scene\Header File</Filter>
    </ClInclude>
    <ClInclude Include="Engine\ArcantEngine.h">
      <Filter>Engine\etc\Header File</Filter>
    </ClInclude>
    <ClInclude Include="Engine\Button.h">
      <Filter>Engine\etc\Header File</Filter>
    </ClInclude>
    <ClInclude Include="Engine\Camera.h">
      <Filter>Engine\etc\Header File</Filter>
    </ClInclude>
    <ClInclude Include="Engine\GameObject.h">
      <Filter>Engine\etc\Header File</Filter>
    </ClInclude>
    <ClInclude Include="Engine\GameObjectTag.h">
      <Filter>Engine\etc\Header File</Filter>
    </ClInclude>
    <ClInclude Include="Engine\GameScene.h">
      <Filter>Engine\etc\Header File</Filter>
    </ClInclude>
    <ClInclude Include="Engine\GameState.h">
      <Filter>Engine\etc\Header File</Filter>
    </ClInclude>
    <ClInclude Include="Engine\Input.h">
      <Filter>Engine\etc\Header File</Filter>
    </ClInclude>
    <ClInclude Include="Engine\ParticleSystem.h">
      <Filter>Engine\etc\Header File</Filter>
    </ClInclude>
    <ClInclude Include="Engine\SceneManager.h">
      <Filter>Engine\etc\Header File</Filter>
    </ClInclude>
    <ClInclude Include="Engine\UIObject.h">
      <Filter>Engine\etc\Header File</Filter>
    </ClInclude>
    <ClInclude Include="Engine\Window.h">
      <Filter>Engine\etc\Header File</Filter>
    </ClInclude>
    <ClInclude Include="Engine\stb\stb_image.h">
      <Filter>Engine\stb</Filter>
    </ClInclude>
    <ClInclude Include="Engine\GameStateController.h">
      <Filter>Engine\etc\Header File</Filter>
    </ClInclude>
    <ClInclude Include="Game\Spells\Spell.h">
      <Filter>Game\Spells\Header File</Filter>
    </ClInclude>
    <ClInclude Include="Game\Spells\SpellBook.h">
      <Filter>Game\Spells\Header File</Filter>
    </ClInclude>
    <ClInclude Include="Game\Spells\SpellDatabase.h">
      <Filter>Game\Spells\Header File</Filter>
    </ClInclude>
    <ClInclude Include="Utilities\Singleton.h">
      <Filter>Utilities</Filter>
    </ClInclude>
    <ClInclude Include="Utilities\TinyXml\tinyxml2.h">
      <Filter>Utilities\TinyXml</Filter>
    </ClInclude>
    <ClInclude Include="Game\Spells\Element.h" />
    <ClInclude Include="Game\BattleScene\BattleScene.h">
      <Filter>Game\BattleScene</Filter>
    </ClInclude>
    <ClInclude Include="Game\BattleScene\SpellCaster\CastSpellDetail.h">
      <Filter>Game\BattleScene\SpellCaster</Filter>
    </ClInclude>
    <ClInclude Include="Game\BattleScene\SpellCaster\PentagramData.h">
      <Filter>Game\BattleScene\SpellCaster</Filter>
    </ClInclude>
    <ClInclude Include="Game\BattleScene\SpellCaster\SpellCaster.h">
      <Filter>Game\BattleScene\SpellCaster</Filter>
    </ClInclude>
    <ClInclude Include="Game\Spells\Element.h">
      <Filter>Game\Spells\Header File</Filter>
    </ClInclude>
    <ClInclude Include="Game\BattleScene\SpellCaster\CasterController.h">
      <Filter>Game\BattleScene\SpellCaster</Filter>
    </ClInclude>
    <ClInclude Include="Game\BattleScene\SpellCaster\PlayerController.h">
      <Filter>Game\BattleScene\SpellCaster</Filter>
    </ClInclude>
    <ClInclude Include="Game\BattleScene\SpellTimeline\SpellTimeline.h">
      <Filter>Game\BattleScene\SpellTimeline</Filter>
    </ClInclude>
    <ClInclude Include="Game\GameData\RuntimeGameData.h">
      <Filter>Game\GameData</Filter>
    </ClInclude>
    <ClInclude Include="Game\GameData\CasterData\CasterData.h">
      <Filter>Game\GameData\CasterData</Filter>
    </ClInclude>
    <ClInclude Include="Game\GameData\CasterData\CasterPosition.h">
      <Filter>Game\GameData\CasterData</Filter>
    </ClInclude>
    <ClInclude Include="Game\GameData\CasterData\EnemyData.h">
      <Filter>Game\GameData\CasterData</Filter>
    </ClInclude>
    <ClInclude Include="Game\GameData\CasterData\PlayerData.h">
      <Filter>Game\GameData\CasterData</Filter>
    </ClInclude>
    <ClInclude Include="Game\GameData\MapData\MapData.h">
      <Filter>Game\GameData</Filter>
    </ClInclude>
    <ClInclude Include="Game\BattleScene\SpellTimeline\SpellTimetrack.h" />
    <ClInclude Include="Game\BattleScene\BattleStates\BaseBattleState.h">
      <Filter>Game\BattleScene\BattleState</Filter>
    </ClInclude>
    <ClInclude Include="Game\BattleScene\BattleStates\BattleStateModel.h">
      <Filter>Game\BattleScene\BattleState</Filter>
    </ClInclude>
    <ClInclude Include="Game\BattleScene\BattleStates\CastBattleState.h">
      <Filter>Game\BattleScene\BattleState</Filter>
    </ClInclude>
    <ClInclude Include="Game\BattleScene\BattleStates\ResolveBattleState.h">
      <Filter>Game\BattleScene\BattleState</Filter>
    </ClInclude>
    <ClInclude Include="Game\BattleScene\BattleStates\SetupBattleState.h">
      <Filter>Game\BattleScene\BattleState</Filter>
    </ClInclude>
    <ClInclude Include="Game\BattleScene\BattleManager.h">
      <Filter>Game\BattleScene</Filter>
    </ClInclude>
    <ClInclude Include="Game\BattleScene\BattleSceneData.h">
      <Filter>Game\BattleScene</Filter>
    </ClInclude>
    <ClInclude Include="Utilities\Color.h">
      <Filter>Utilities</Filter>
    </ClInclude>
    <ClInclude Include="Engine\AudioGroup.h">
      <Filter>Engine\etc\Header File</Filter>
    </ClInclude>
    <ClInclude Include="Engine\SoundSystem.h">
      <Filter>Engine\etc\Header File</Filter>
    </ClInclude>
    <ClInclude Include="Utilities\Color.h">
      <Filter>Utilities</Filter>
    </ClInclude>
    <ClInclude Include="Utilities\ArcantAssert.h">
      <Filter>Utilities</Filter>
    </ClInclude>
    <ClInclude Include="Engine\Slider.h">
      <Filter>Engine\etc\Header File</Filter>
    </ClInclude>
    <ClInclude Include="Game\BattleScene\GameObject\CasterUIController.h">
      <Filter>Game\BattleScene\Objects</Filter>
    </ClInclude>
    <ClInclude Include="Game\BattleScene\GameObject\PentagramController.h">
      <Filter>Game\BattleScene\Objects</Filter>
    </ClInclude>
  </ItemGroup>
  <ItemGroup>
    <Image Include="Engine\Texture\awesomeface.png">
      <Filter>WorkingDir\Sprites</Filter>
    </Image>
    <Image Include="Engine\Texture\default.png">
      <Filter>WorkingDir\Sprites</Filter>
    </Image>
  </ItemGroup>
  <ItemGroup>
    <None Include="WorkingDir\Shader\TextFragment.shader">
      <Filter>WorkingDir\Shader</Filter>
    </None>
    <None Include="WorkingDir\Shader\TextVertex.shader">
      <Filter>WorkingDir\Shader</Filter>
    </None>
    <None Include="WorkingDir\Shader\GameObjVertex.shader">
      <Filter>WorkingDir\Shader</Filter>
    </None>
    <None Include="WorkingDir\Shader\GameObjFragment.shader">
      <Filter>WorkingDir\Shader</Filter>
    </None>
    <None Include="WorkingDir\Shader\UISlicingFragment.shader">
      <Filter>WorkingDir\Shader</Filter>
    </None>
    <None Include="WorkingDir\Shader\UISlicingVertex.shader">
      <Filter>WorkingDir\Shader</Filter>
    </None>
  </ItemGroup>
  <ItemGroup>
    <Filter Include="Engine">
      <UniqueIdentifier>{f1cbf967-7fc6-459f-851f-9f976d8e3aa2}</UniqueIdentifier>
    </Filter>
    <Filter Include="Engine\Collector">
      <UniqueIdentifier>{eb89c6c1-27f1-45c1-9cf3-9ef550ae8c1e}</UniqueIdentifier>
    </Filter>
    <Filter Include="Engine\Collector\Header File">
      <UniqueIdentifier>{5fef2046-708b-47e5-847c-3d78584bbb15}</UniqueIdentifier>
    </Filter>
    <Filter Include="Engine\Collector\Source File">
      <UniqueIdentifier>{366dc780-d3e0-4a7e-995c-b448fd449ced}</UniqueIdentifier>
    </Filter>
    <Filter Include="Engine\Renderer">
      <UniqueIdentifier>{edab6d46-9ff4-4b2d-89b9-70c0d9d80f8c}</UniqueIdentifier>
    </Filter>
    <Filter Include="Engine\Renderer\Header File">
      <UniqueIdentifier>{89639f19-6b73-455e-90e9-04a9187341f5}</UniqueIdentifier>
    </Filter>
    <Filter Include="Engine\Renderer\Source File">
      <UniqueIdentifier>{9bbe79d4-e4c0-4bbe-8135-db89a3427d03}</UniqueIdentifier>
    </Filter>
    <Filter Include="Engine\Scene">
      <UniqueIdentifier>{d3ec8239-9fd6-436a-8e93-c0dd6ebae721}</UniqueIdentifier>
    </Filter>
    <Filter Include="Engine\Scene\Header File">
      <UniqueIdentifier>{48a7f51d-581f-49c9-869b-114d5b94ca93}</UniqueIdentifier>
    </Filter>
    <Filter Include="Engine\Scene\Source File">
      <UniqueIdentifier>{7ad014b0-d5f1-4e69-b192-c33f324f45ba}</UniqueIdentifier>
    </Filter>
    <Filter Include="Engine\etc">
      <UniqueIdentifier>{5dcfb037-9eb2-4ca2-9acd-9a8032e04b19}</UniqueIdentifier>
    </Filter>
    <Filter Include="Engine\etc\Header File">
      <UniqueIdentifier>{457341bb-ddea-4a31-bdd3-d2c8e0a56c35}</UniqueIdentifier>
    </Filter>
    <Filter Include="Engine\etc\Source File">
      <UniqueIdentifier>{2f9cc1a1-4b3d-40df-b20a-a0faba2b6573}</UniqueIdentifier>
    </Filter>
    <Filter Include="Engine\stb">
      <UniqueIdentifier>{00676e71-c9ce-44c5-bc5b-19cd07fd139a}</UniqueIdentifier>
    </Filter>
    <Filter Include="WorkingDir">
      <UniqueIdentifier>{6236b323-da20-4e95-ab5a-b46af6b49d43}</UniqueIdentifier>
    </Filter>
    <Filter Include="WorkingDir\Sprites">
      <UniqueIdentifier>{6bc6a2d2-fe96-43bd-abed-9de2ac8b34be}</UniqueIdentifier>
    </Filter>
    <Filter Include="WorkingDir\Shader">
      <UniqueIdentifier>{9bb7899d-474a-4a9f-9bf5-b3ca78cfc583}</UniqueIdentifier>
    </Filter>
    <Filter Include="Game">
      <UniqueIdentifier>{adcd8aae-4966-4528-9230-58bf5cfa154a}</UniqueIdentifier>
    </Filter>
    <Filter Include="Game\Spells">
      <UniqueIdentifier>{b6312c21-9972-45bd-9fd4-27b72193324e}</UniqueIdentifier>
    </Filter>
    <Filter Include="Game\Spells\Header File">
      <UniqueIdentifier>{5000a817-feed-4288-88c1-fdf62c3cb8b8}</UniqueIdentifier>
    </Filter>
    <Filter Include="Game\Spells\Source File">
      <UniqueIdentifier>{d7102202-5074-48c6-9aad-461243a76917}</UniqueIdentifier>
    </Filter>
    <Filter Include="Utilities">
      <UniqueIdentifier>{c0a9ef56-dcda-42f2-90cb-544cabc01221}</UniqueIdentifier>
    </Filter>
    <Filter Include="Utilities\TinyXml">
      <UniqueIdentifier>{d25a4382-3500-4d4e-820e-0c08ff8bd63c}</UniqueIdentifier>
    </Filter>
    <Filter Include="Game\BattleScene">
      <UniqueIdentifier>{18677a60-65ae-4436-8c5b-e3bcbba4b9af}</UniqueIdentifier>
    </Filter>
    <Filter Include="Game\BattleScene\SpellCaster">
      <UniqueIdentifier>{5056adb8-4763-48f9-834d-c814c385cd22}</UniqueIdentifier>
    </Filter>
    <Filter Include="Game\BattleScene\SpellTimeline">
      <UniqueIdentifier>{aa536545-9b87-4009-b92b-fdf47cf4275f}</UniqueIdentifier>
    </Filter>
    <Filter Include="Game\GameData">
      <UniqueIdentifier>{851d5c60-5c86-40e1-b7c0-25542b9ed09e}</UniqueIdentifier>
    </Filter>
    <Filter Include="Game\GameData\CasterData">
      <UniqueIdentifier>{315d151d-6d86-4b8a-a970-9720a78565ad}</UniqueIdentifier>
    </Filter>
    <Filter Include="Game\BattleScene\BattleState">
      <UniqueIdentifier>{e74b6370-3651-4e89-9a5a-87a5b1671b0c}</UniqueIdentifier>
    </Filter>
    <Filter Include="WorkingDir\Audio">
      <UniqueIdentifier>{73a2d1fd-78bc-4cb8-af9b-5e12f99d029e}</UniqueIdentifier>
    </Filter>
    <Filter Include="WorkingDir\Fonts">
      <UniqueIdentifier>{6e4de3bd-6dc1-40fe-b622-97ac24e63a26}</UniqueIdentifier>
    </Filter>
    <Filter Include="WorkingDir\Audio\BGM">
      <UniqueIdentifier>{9d127788-1145-488d-86d1-5947d2de71df}</UniqueIdentifier>
    </Filter>
    <Filter Include="WorkingDir\Audio\SFX">
      <UniqueIdentifier>{81314559-bd99-4841-8cf6-10c99646fb12}</UniqueIdentifier>
    </Filter>
    <Filter Include="Game\BattleScene\Objects">
      <UniqueIdentifier>{1ac92bc4-88be-41b7-8c1a-fb2ff660a4a5}</UniqueIdentifier>
    </Filter>
  </ItemGroup>
  <ItemGroup>
    <Media Include="WorkingDir\Audio\BGM\DarkButHopeful.wav">
      <Filter>WorkingDir\Audio\BGM</Filter>
    </Media>
    <Media Include="WorkingDir\Audio\BGM\ConfidentPlayfulWithSideofDeception.wav">
      <Filter>WorkingDir\Audio\BGM</Filter>
    </Media>
  </ItemGroup>
  <ItemGroup>
    <Font Include="WorkingDir\Fonts\ARLRDBD.ttf">
      <Filter>WorkingDir\Fonts</Filter>
    </Font>
    <Font Include="WorkingDir\Fonts\BAUHS93.ttf">
      <Filter>WorkingDir\Fonts</Filter>
    </Font>
  </ItemGroup>
</Project>